version = 1

[[packages]]
name = "luato"
version = "0.1.0"
source = "git+https://github.com/litocpp/luato.git#9ad07ca2604022319c0178b7f5543220baf87050"
dependencies = [
  "luato-lua",
  "rstd-parse",
  "rstd-std",
]

[[packages]]
name = "luato-lua"
version = "5.5.1"

[[packages.externals]]
name = "lua"
source = "archive+https://www.lua.org/ftp/lua-5.5.1.tar.gz"
checksum = "1c4b4068d67061f2a2231ad2b5422e77acea1487ea9890f6320af614f4373dce"

[[packages]]
name = "ncrequest"
version = "0.1.0"
source = "git+https://github.com/hypengw/ncrequest.git#cdaca8b5c523906fc0c9ed58cd5f2c7981b5a255"
dependencies = [
  "rstd-cppstd",
  "rstd-std",
]

[[packages]]
name = "qextra"
version = "0.1.0"
source = "git+https://github.com/hypengw/QExtra.git#68f752fd38e3d7a923bf36d621f4a94be7b26fd8"
dependencies = [
  "ncrequest",
  "rstd-cppstd",
  "rstd-std",
]

[[packages]]
name = "rstd-alloc"
version = "0.1.1"
source = "registry+https://registry.litocpp.org/"
checksum = "6b160171ccef6dec3b6442e6365946debe651ad9fb6408743707cdb6dca8d030"
dependencies = [
  "rstd-core",
  "rstd-runtime",
]

[[packages]]
name = "rstd-argparse"
version = "0.1.1"
source = "registry+https://registry.litocpp.org/"
checksum = "5a3e77e9e313e775c62ae0e430a40d0a1b04a61582596ac433dbfdea6fb31aac"
dependencies = [
  "rstd-std",
]

[[packages]]
name = "rstd-basic"
version = "0.1.1"
source = "registry+https://registry.litocpp.org/"
checksum = "6f1467f93c69cb370960cb1bf82339839b62c44cc84ef5cf809469fbf9798cda"

[[packages]]
name = "rstd-core"
version = "0.1.1"
source = "registry+https://registry.litocpp.org/"
checksum = "a0bfdc71ac7ebbc47ada11322f6cf41508f6d55fe4b5988b121e11f8ad9d1237"
dependencies = [
  "rstd-basic",
  "rstd-runtime",
]

[[packages]]
name = "rstd-cppstd"
version = "0.1.1"
source = "registry+https://registry.litocpp.org/"
checksum = "c3aeb84e737d147d6b959a9c6d35b00fa79be2abe21df439af1a858a91bed00b"
dependencies = [
  "rstd-std",
]

[[packages]]
name = "rstd-dlopn"
version = "0.1.1"
source = "registry+https://registry.litocpp.org/"
checksum = "bc7c0991057a8aa31f98f90e20e1abee0d4a5907f968fa4cf614eb24aded71f4"
dependencies = [
  "rstd-std",
]

[[packages]]
name = "rstd-json"
version = "0.1.1"
source = "registry+https://registry.litocpp.org/"
checksum = "9a9438c06da49b1f7af9065547711859ed28972cba094d4c149071bc8af65535"
dependencies = [
  "rstd-core",
  "rstd-parse",
  "rstd-serde",
  "rstd-std",
]

[[packages]]
name = "rstd-log"
version = "0.1.1"
source = "registry+https://registry.litocpp.org/"
checksum = "d8817903e61dc5ea66736afa2d0deb0bfca9dd8e20db22c44b02e02e83a83af5"
dependencies = [
  "rstd-core",
  "rstd-std",
]

[[packages]]
name = "rstd-parse"
version = "0.1.1"
source = "registry+https://registry.litocpp.org/"
checksum = "451c6a29a764a33cae86b3f6294b2fe1b6b4194a2c510e376c3c1d843f8df52e"
dependencies = [
  "rstd-alloc",
  "rstd-core",
]

[[packages]]
name = "rstd-runtime"
version = "0.1.1"
source = "registry+https://registry.litocpp.org/"
checksum = "32032ed07b7fd0722d8cc7fff34b88310ac1044821635ca609ddf60da24c47c5"
dependencies = [
  "rstd-basic",
]

[[packages]]
name = "rstd-serde"
version = "0.1.1"
source = "registry+https://registry.litocpp.org/"
checksum = "11bc96e288436f1b2ff13563fb011a53faab6f2a6afc0e9d89efc507fe389884"
dependencies = [
  "rstd-alloc",
]

[[packages]]
name = "rstd-std"
version = "0.1.1"
source = "registry+https://registry.litocpp.org/"
checksum = "300f712b824223673cd9bb55286b7f0ace945de4368683281a5762df17886768"
dependencies = [
  "rstd-alloc",
  "rstd-core",
]

[[packages]]
name = "rstd-toml"
version = "0.1.1"
source = "registry+https://registry.litocpp.org/"
checksum = "27e670b021a457d13ffb32fdc502372411ec6cabc91abf1e2c89afc060235708"
dependencies = [
  "rstd-alloc",
  "rstd-core",
  "rstd-parse",
  "rstd-serde",
]

[[packages]]
name = "vvk"
version = "0.1.0"
source = "git+https://github.com/litocpp/vvk.git#14a99ea0e98d0580947abf426b4d04b5a201264c"
dependencies = [
  "rstd-cppstd",
  "rstd-log",
  "rstd-std",
]

[[packages.externals]]
name = "vma"
source = "git+https://github.com/GPUOpen-LibrariesAndSDKs/VulkanMemoryAllocator.git#3aa921224c154a0d2c43912bc88e1c42ce1f7607"

[[packages]]
name = "wavsen"
version = "0.1.0"
source = "git+https://github.com/hypengw/wavsen.git#5a0ddb98def3d1c146968810fe711fd2123802d0"
dependencies = [
  "rstd-core",
  "rstd-cppstd",
  "rstd-dlopn",
  "rstd-log",
  "rstd-std",
  "vvk",
]

[[packages]]
name = "waywallen-bridge"
version = "0.3.8"

[[packages]]
name = "waywallen-i18n"
version = "0.3.8"
dependencies = [
  "luato",
  "rstd-argparse",
  "rstd-std",
  "rstd-toml",
  "waywallen-plugin-i18n",
]

[[packages]]
name = "waywallen-image-plugin"
version = "0.3.8"
dependencies = [
  "rstd-argparse",
  "rstd-cppstd",
  "rstd-json",
  "rstd-log",
  "wavsen",
  "waywallen-plugin-common",
]
runtime-dependencies = [
  "waywallen-bridge",
]

[[packages]]
name = "waywallen-plugin-common"
version = "0.3.8"
dependencies = [
  "rstd-cppstd",
  "rstd-log",
  "vvk",
  "waywallen-bridge",
]

[[packages]]
name = "waywallen-plugin-i18n"
version = "0.3.8"
dependencies = [
  "rstd-std",
]

[[packages]]
name = "waywallen-ui"
version = "0.3.8"
dependencies = [
  "ncrequest",
  "qextra",
  "rstd-cppstd",
  "rstd-std",
  "wavsen",
  "waywallen-plugin-i18n",
]

[[packages.externals]]
name = "qml-material"
source = "git+https://github.com/hypengw/QmlMaterial.git#e6a59168aecef2d3a3dcb04c3ca6dd7e1679a6f5"

[[packages]]
name = "waywallen-video-plugin"
version = "0.3.8"
dependencies = [
  "rstd-argparse",
  "rstd-cppstd",
  "rstd-json",
  "rstd-log",
  "wavsen",
  "waywallen-plugin-common",
]
runtime-dependencies = [
  "waywallen-bridge",
]

[[packages]]
name = "waywallen-wallhaven-plugin"
version = "0.3.8"
